
Microsoft Visual Studio Solution File, Format Version 11.00
# Visual Studio 2010
Project("{8BC9CEB8-8B4A-11D0-8D11-00A0C91BC942}") = "Week11", "Week11\Week11.vcxproj", "{B02D5F9B-F92E-4DC7-A18D-19C123111290}"
EndProject
Global
	GlobalSection(SolutionConfigurationPlatforms) = preSolution
		Debug|Win32 = Debug|Win32
		Release|Win32 = Release|Win32
	EndGlobalSection
	GlobalSection(ProjectConfigurationPlatforms) = postSolution
		{B02D5F9B-F92E-4DC7-A18D-19C123111290}.Debug|Win32.ActiveCfg = Debug|Win32
		{B02D5F9B-F92E-4DC7-A18D-19C123111290}.Debug|Win32.Build.0 = Debug|Win32
		{B02D5F9B-F92E-4DC7-A18D-19C123111290}.Release|Win32.ActiveCfg = Release|Win32
		{B02D5F9B-F92E-4DC7-A18D-19C123111290}.Release|Win32.Build.0 = Release|Win32
	EndGlobalSection
	GlobalSection(SolutionProperties) = preSolution
		HideSolutionNode = FALSE
	EndGlobalSection
EndGlobal
