
Microsoft Visual Studio Solution File, Format Version 11.00
# Visual Studio 2010
Project("{8BC9CEB8-8B4A-11D0-8D11-00A0C91BC942}") = "HW_Final", "HW_Final\HW_Final.vcxproj", "{4053B4D9-9F0F-4D2F-ACC5-EBD17409356C}"
EndProject
Global
	GlobalSection(SolutionConfigurationPlatforms) = preSolution
		Debug|Win32 = Debug|Win32
		Release|Win32 = Release|Win32
	EndGlobalSection
	GlobalSection(ProjectConfigurationPlatforms) = postSolution
		{4053B4D9-9F0F-4D2F-ACC5-EBD17409356C}.Debug|Win32.ActiveCfg = Debug|Win32
		{4053B4D9-9F0F-4D2F-ACC5-EBD17409356C}.Debug|Win32.Build.0 = Debug|Win32
		{4053B4D9-9F0F-4D2F-ACC5-EBD17409356C}.Release|Win32.ActiveCfg = Release|Win32
		{4053B4D9-9F0F-4D2F-ACC5-EBD17409356C}.Release|Win32.Build.0 = Release|Win32
	EndGlobalSection
	GlobalSection(SolutionProperties) = preSolution
		HideSolutionNode = FALSE
	EndGlobalSection
EndGlobal
