
Microsoft Visual Studio Solution File, Format Version 11.00
# Visual Studio 2010
Project("{8BC9CEB8-8B4A-11D0-8D11-00A0C91BC942}") = "ex02", "ex02\ex02.vcxproj", "{254C3C5F-6B16-46F2-BACD-B7383E2FDEA1}"
EndProject
Global
	GlobalSection(SolutionConfigurationPlatforms) = preSolution
		Debug|Win32 = Debug|Win32
		Release|Win32 = Release|Win32
	EndGlobalSection
	GlobalSection(ProjectConfigurationPlatforms) = postSolution
		{254C3C5F-6B16-46F2-BACD-B7383E2FDEA1}.Debug|Win32.ActiveCfg = Debug|Win32
		{254C3C5F-6B16-46F2-BACD-B7383E2FDEA1}.Debug|Win32.Build.0 = Debug|Win32
		{254C3C5F-6B16-46F2-BACD-B7383E2FDEA1}.Release|Win32.ActiveCfg = Release|Win32
		{254C3C5F-6B16-46F2-BACD-B7383E2FDEA1}.Release|Win32.Build.0 = Release|Win32
	EndGlobalSection
	GlobalSection(SolutionProperties) = preSolution
		HideSolutionNode = FALSE
	EndGlobalSection
EndGlobal
